
Microsoft Visual Studio Solution File, Format Version 12.00
# Visual Studio Version 16
VisualStudioVersion = 16.0.31624.102
MinimumVisualStudioVersion = 10.0.40219.1
Project("{FAE04EC0-301F-11D3-BF4B-00C04F79EFBC}") = "Hotel", "Hotel.csproj", "{5D7A04B4-FDCB-46EC-8A40-5C0B5A00868E}"
EndProject
Global
	GlobalSection(SolutionConfigurationPlatforms) = preSolution
		Debug|Any CPU = Debug|Any CPU
		Release|Any CPU = Release|Any CPU
	EndGlobalSection
	GlobalSection(ProjectConfigurationPlatforms) = postSolution
		{5D7A04B4-FDCB-46EC-8A40-5C0B5A00868E}.Debug|Any CPU.ActiveCfg = Debug|Any CPU
		{5D7A04B4-FDCB-46EC-8A40-5C0B5A00868E}.Debug|Any CPU.Build.0 = Debug|Any CPU
		{5D7A04B4-FDCB-46EC-8A40-5C0B5A00868E}.Release|Any CPU.ActiveCfg = Release|Any CPU
		{5D7A04B4-FDCB-46EC-8A40-5C0B5A00868E}.Release|Any CPU.Build.0 = Release|Any CPU
	EndGlobalSection
	GlobalSection(SolutionProperties) = preSolution
		HideSolutionNode = FALSE
	EndGlobalSection
	GlobalSection(ExtensibilityGlobals) = postSolution
		SolutionGuid = {A9F99AFD-251E-4987-8BD1-4228A239DB20}
	EndGlobalSection
EndGlobal
