
Microsoft Visual Studio Solution File, Format Version 12.00
# Visual Studio Version 16
VisualStudioVersion = 16.0.31624.102
MinimumVisualStudioVersion = 10.0.40219.1
Project("{FAE04EC0-301F-11D3-BF4B-00C04F79EFBC}") = "Hilos", "Hilos.csproj", "{FE2C06F4-1910-41D8-83ED-A1E40A7E5DA0}"
EndProject
Global
	GlobalSection(SolutionConfigurationPlatforms) = preSolution
		Debug|Any CPU = Debug|Any CPU
		Release|Any CPU = Release|Any CPU
	EndGlobalSection
	GlobalSection(ProjectConfigurationPlatforms) = postSolution
		{FE2C06F4-1910-41D8-83ED-A1E40A7E5DA0}.Debug|Any CPU.ActiveCfg = Debug|Any CPU
		{FE2C06F4-1910-41D8-83ED-A1E40A7E5DA0}.Debug|Any CPU.Build.0 = Debug|Any CPU
		{FE2C06F4-1910-41D8-83ED-A1E40A7E5DA0}.Release|Any CPU.ActiveCfg = Release|Any CPU
		{FE2C06F4-1910-41D8-83ED-A1E40A7E5DA0}.Release|Any CPU.Build.0 = Release|Any CPU
	EndGlobalSection
	GlobalSection(SolutionProperties) = preSolution
		HideSolutionNode = FALSE
	EndGlobalSection
	GlobalSection(ExtensibilityGlobals) = postSolution
		SolutionGuid = {0ED8A9AC-9EDD-46A5-8E77-5FCE03C561D0}
	EndGlobalSection
EndGlobal
